
Microsoft Visual Studio Solution File, Format Version 12.00
# Visual Studio Version 17
VisualStudioVersion = 17.13.35931.197 d17.13
MinimumVisualStudioVersion = 10.0.40219.1
Project("{FAE04EC0-301F-11D3-BF4B-00C04F79EFBC}") = "WindowsFormsApp1", "WindowsFormsApp1\WindowsFormsApp1.csproj", "{FF7157F1-07DE-4360-83A7-169F20C590DB}"
EndProject
Global
	GlobalSection(SolutionConfigurationPlatforms) = preSolution
		Debug|Any CPU = Debug|Any CPU
		Release|Any CPU = Release|Any CPU
	EndGlobalSection
	GlobalSection(ProjectConfigurationPlatforms) = postSolution
		{FF7157F1-07DE-4360-83A7-169F20C590DB}.Debug|Any CPU.ActiveCfg = Debug|Any CPU
		{FF7157F1-07DE-4360-83A7-169F20C590DB}.Debug|Any CPU.Build.0 = Debug|Any CPU
		{FF7157F1-07DE-4360-83A7-169F20C590DB}.Release|Any CPU.ActiveCfg = Release|Any CPU
		{FF7157F1-07DE-4360-83A7-169F20C590DB}.Release|Any CPU.Build.0 = Release|Any CPU
	EndGlobalSection
	GlobalSection(SolutionProperties) = preSolution
		HideSolutionNode = FALSE
	EndGlobalSection
	GlobalSection(ExtensibilityGlobals) = postSolution
		SolutionGuid = {88FDEEDA-2EF8-4330-BB9C-2D23DEFB42BE}
	EndGlobalSection
EndGlobal
